
Microsoft Visual Studio Solution File, Format Version 12.00
# Visual Studio Version 17
VisualStudioVersion = 17.8.34601.278
MinimumVisualStudioVersion = 10.0.40219.1
Project("{9A19103F-16F7-4668-BE54-9A1E7A4F7556}") = "ChallengeApp", "ChallengeApp\ChallengeApp.csproj", "{FFE8EBF3-9B63-4006-AC10-CF3F3CFBD8A7}"
EndProject
Project("{FAE04EC0-301F-11D3-BF4B-00C04F79EFBC}") = "EmployeeTests", "EmployeeTests\EmployeeTests.csproj", "{F26EA1BD-D01E-46DF-8C5A-D45E465DAB7A}"
	ProjectSection(ProjectDependencies) = postProject
		{FFE8EBF3-9B63-4006-AC10-CF3F3CFBD8A7} = {FFE8EBF3-9B63-4006-AC10-CF3F3CFBD8A7}
	EndProjectSection
EndProject
Global
	GlobalSection(SolutionConfigurationPlatforms) = preSolution
		Debug|Any CPU = Debug|Any CPU
		Release|Any CPU = Release|Any CPU
	EndGlobalSection
	GlobalSection(ProjectConfigurationPlatforms) = postSolution
		{FFE8EBF3-9B63-4006-AC10-CF3F3CFBD8A7}.Debug|Any CPU.ActiveCfg = Debug|Any CPU
		{FFE8EBF3-9B63-4006-AC10-CF3F3CFBD8A7}.Debug|Any CPU.Build.0 = Debug|Any CPU
		{FFE8EBF3-9B63-4006-AC10-CF3F3CFBD8A7}.Release|Any CPU.ActiveCfg = Release|Any CPU
		{FFE8EBF3-9B63-4006-AC10-CF3F3CFBD8A7}.Release|Any CPU.Build.0 = Release|Any CPU
		{F26EA1BD-D01E-46DF-8C5A-D45E465DAB7A}.Debug|Any CPU.ActiveCfg = Debug|Any CPU
		{F26EA1BD-D01E-46DF-8C5A-D45E465DAB7A}.Debug|Any CPU.Build.0 = Debug|Any CPU
		{F26EA1BD-D01E-46DF-8C5A-D45E465DAB7A}.Release|Any CPU.ActiveCfg = Release|Any CPU
		{F26EA1BD-D01E-46DF-8C5A-D45E465DAB7A}.Release|Any CPU.Build.0 = Release|Any CPU
	EndGlobalSection
	GlobalSection(SolutionProperties) = preSolution
		HideSolutionNode = FALSE
	EndGlobalSection
	GlobalSection(ExtensibilityGlobals) = postSolution
		SolutionGuid = {8C35F26F-6253-4737-80E6-AFB2BD94E440}
	EndGlobalSection
EndGlobal
